
Microsoft Visual Studio Solution File, Format Version 12.00
# Visual Studio 15
VisualStudioVersion = 15.0.27130.2036
MinimumVisualStudioVersion = 10.0.40219.1
Project("{FAE04EC0-301F-11D3-BF4B-00C04F79EFBC}") = "SistemaActasRepositorio", "SistemaActasRepositorio\SistemaActasRepositorio.csproj", "{6B2A0023-9F6C-465F-88EF-6FF43A4EEFA8}"
EndProject
Project("{FAE04EC0-301F-11D3-BF4B-00C04F79EFBC}") = "SistemaActasDominio", "SistemaActasDominio\SistemaActasDominio.csproj", "{C2C483FB-E8DA-4100-B316-52BE394480AE}"
EndProject
Project("{FAE04EC0-301F-11D3-BF4B-00C04F79EFBC}") = "SistemaActas", "SistemaActas\SistemaActas.csproj", "{70EF16DE-42E3-491F-9656-1C369996883D}"
EndProject
Project("{FAE04EC0-301F-11D3-BF4B-00C04F79EFBC}") = "SistemaActasDominioEntidades", "SistemaActasDominioEntidades\SistemaActasDominioEntidades.csproj", "{73E7ABEB-CC0C-42E5-A0F5-BC31B97A767E}"
EndProject
Project("{FAE04EC0-301F-11D3-BF4B-00C04F79EFBC}") = "Testing", "Testing\Testing.csproj", "{1DF5437A-5874-492C-A38B-F39A7E6797D6}"
	ProjectSection(ProjectDependencies) = postProject
		{FA6BD0CC-9D7D-4148-85E9-1DB9AE61EF5A} = {FA6BD0CC-9D7D-4148-85E9-1DB9AE61EF5A}
	EndProjectSection
EndProject
Project("{FAE04EC0-301F-11D3-BF4B-00C04F79EFBC}") = "SistemaActasWcfService", "SistemaActasWcfService\SistemaActasWcfService.csproj", "{FA6BD0CC-9D7D-4148-85E9-1DB9AE61EF5A}"
EndProject
Global
	GlobalSection(SolutionConfigurationPlatforms) = preSolution
		Debug|Any CPU = Debug|Any CPU
		Release|Any CPU = Release|Any CPU
	EndGlobalSection
	GlobalSection(ProjectConfigurationPlatforms) = postSolution
		{6B2A0023-9F6C-465F-88EF-6FF43A4EEFA8}.Debug|Any CPU.ActiveCfg = Debug|Any CPU
		{6B2A0023-9F6C-465F-88EF-6FF43A4EEFA8}.Debug|Any CPU.Build.0 = Debug|Any CPU
		{6B2A0023-9F6C-465F-88EF-6FF43A4EEFA8}.Release|Any CPU.ActiveCfg = Release|Any CPU
		{6B2A0023-9F6C-465F-88EF-6FF43A4EEFA8}.Release|Any CPU.Build.0 = Release|Any CPU
		{C2C483FB-E8DA-4100-B316-52BE394480AE}.Debug|Any CPU.ActiveCfg = Debug|Any CPU
		{C2C483FB-E8DA-4100-B316-52BE394480AE}.Debug|Any CPU.Build.0 = Debug|Any CPU
		{C2C483FB-E8DA-4100-B316-52BE394480AE}.Release|Any CPU.ActiveCfg = Release|Any CPU
		{C2C483FB-E8DA-4100-B316-52BE394480AE}.Release|Any CPU.Build.0 = Release|Any CPU
		{70EF16DE-42E3-491F-9656-1C369996883D}.Debug|Any CPU.ActiveCfg = Debug|Any CPU
		{70EF16DE-42E3-491F-9656-1C369996883D}.Debug|Any CPU.Build.0 = Debug|Any CPU
		{70EF16DE-42E3-491F-9656-1C369996883D}.Release|Any CPU.ActiveCfg = Release|Any CPU
		{70EF16DE-42E3-491F-9656-1C369996883D}.Release|Any CPU.Build.0 = Release|Any CPU
		{73E7ABEB-CC0C-42E5-A0F5-BC31B97A767E}.Debug|Any CPU.ActiveCfg = Debug|Any CPU
		{73E7ABEB-CC0C-42E5-A0F5-BC31B97A767E}.Debug|Any CPU.Build.0 = Debug|Any CPU
		{73E7ABEB-CC0C-42E5-A0F5-BC31B97A767E}.Release|Any CPU.ActiveCfg = Release|Any CPU
		{73E7ABEB-CC0C-42E5-A0F5-BC31B97A767E}.Release|Any CPU.Build.0 = Release|Any CPU
		{1DF5437A-5874-492C-A38B-F39A7E6797D6}.Debug|Any CPU.ActiveCfg = Debug|Any CPU
		{1DF5437A-5874-492C-A38B-F39A7E6797D6}.Debug|Any CPU.Build.0 = Debug|Any CPU
		{1DF5437A-5874-492C-A38B-F39A7E6797D6}.Release|Any CPU.ActiveCfg = Release|Any CPU
		{1DF5437A-5874-492C-A38B-F39A7E6797D6}.Release|Any CPU.Build.0 = Release|Any CPU
		{FA6BD0CC-9D7D-4148-85E9-1DB9AE61EF5A}.Debug|Any CPU.ActiveCfg = Debug|Any CPU
		{FA6BD0CC-9D7D-4148-85E9-1DB9AE61EF5A}.Debug|Any CPU.Build.0 = Debug|Any CPU
		{FA6BD0CC-9D7D-4148-85E9-1DB9AE61EF5A}.Release|Any CPU.ActiveCfg = Release|Any CPU
		{FA6BD0CC-9D7D-4148-85E9-1DB9AE61EF5A}.Release|Any CPU.Build.0 = Release|Any CPU
	EndGlobalSection
	GlobalSection(SolutionProperties) = preSolution
		HideSolutionNode = FALSE
	EndGlobalSection
	GlobalSection(ExtensibilityGlobals) = postSolution
		SolutionGuid = {74993F53-EA35-4889-9002-891CFBC1F9C2}
	EndGlobalSection
EndGlobal
