
Microsoft Visual Studio Solution File, Format Version 12.00
# Visual Studio 15
VisualStudioVersion = 15.0.27130.2036
MinimumVisualStudioVersion = 10.0.40219.1
Project("{FAE04EC0-301F-11D3-BF4B-00C04F79EFBC}") = "WS_Actas", "WS_Actas\WS_Actas.csproj", "{247541DF-063C-4C84-B893-09685FBF5ACB}"
EndProject
Global
	GlobalSection(SolutionConfigurationPlatforms) = preSolution
		Debug|Any CPU = Debug|Any CPU
		Release|Any CPU = Release|Any CPU
	EndGlobalSection
	GlobalSection(ProjectConfigurationPlatforms) = postSolution
		{247541DF-063C-4C84-B893-09685FBF5ACB}.Debug|Any CPU.ActiveCfg = Debug|Any CPU
		{247541DF-063C-4C84-B893-09685FBF5ACB}.Debug|Any CPU.Build.0 = Debug|Any CPU
		{247541DF-063C-4C84-B893-09685FBF5ACB}.Release|Any CPU.ActiveCfg = Release|Any CPU
		{247541DF-063C-4C84-B893-09685FBF5ACB}.Release|Any CPU.Build.0 = Release|Any CPU
	EndGlobalSection
	GlobalSection(SolutionProperties) = preSolution
		HideSolutionNode = FALSE
	EndGlobalSection
	GlobalSection(ExtensibilityGlobals) = postSolution
		SolutionGuid = {87F091D1-1EF4-4E99-BA26-E10CF4DD34C2}
	EndGlobalSection
EndGlobal
